
Microsoft Visual Studio Solution File, Format Version 12.00
# Visual Studio Version 17
VisualStudioVersion = 17.1.32210.238
MinimumVisualStudioVersion = 10.0.40219.1
Project("{FAE04EC0-301F-11D3-BF4B-00C04F79EFBC}") = "UI", "UI\UI.csproj", "{28960C55-8656-4A40-A1DA-19C5488543CB}"
EndProject
Global
	GlobalSection(SolutionConfigurationPlatforms) = preSolution
		Debug|Any CPU = Debug|Any CPU
		Release|Any CPU = Release|Any CPU
	EndGlobalSection
	GlobalSection(ProjectConfigurationPlatforms) = postSolution
		{28960C55-8656-4A40-A1DA-19C5488543CB}.Debug|Any CPU.ActiveCfg = Debug|Any CPU
		{28960C55-8656-4A40-A1DA-19C5488543CB}.Debug|Any CPU.Build.0 = Debug|Any CPU
		{28960C55-8656-4A40-A1DA-19C5488543CB}.Release|Any CPU.ActiveCfg = Release|Any CPU
		{28960C55-8656-4A40-A1DA-19C5488543CB}.Release|Any CPU.Build.0 = Release|Any CPU
	EndGlobalSection
	GlobalSection(SolutionProperties) = preSolution
		HideSolutionNode = FALSE
	EndGlobalSection
	GlobalSection(ExtensibilityGlobals) = postSolution
		SolutionGuid = {D89DE60A-9561-42D0-B600-B08A710CDE45}
	EndGlobalSection
EndGlobal
